// !$*UTF8*$!
{
	archiveVersion = 1;
	classes = {
	};
	objectVersion = 50;
	objects = {

/* Begin PBXBuildFile section */
		8A0094D72462AEC50041790C /* AppDelegate.swift in Sources */ = {isa = PBXBuildFile; fileRef = 8A0094D62462AEC50041790C /* AppDelegate.swift */; };
		8A0094D92462AEC50041790C /* SceneDelegate.swift in Sources */ = {isa = PBXBuildFile; fileRef = 8A0094D82462AEC50041790C /* SceneDelegate.swift */; };
		8A0094DD2462AEC90041790C /* Assets.xcassets in Resources */ = {isa = PBXBuildFile; fileRef = 8A0094DC2462AEC90041790C /* Assets.xcassets */; };
		8A0094E02462AEC90041790C /* Preview Assets.xcassets in Resources */ = {isa = PBXBuildFile; fileRef = 8A0094DF2462AEC90041790C /* Preview Assets.xcassets */; };
		8A0094E32462AEC90041790C /* LaunchScreen.storyboard in Resources */ = {isa = PBXBuildFile; fileRef = 8A0094E12462AEC90041790C /* LaunchScreen.storyboard */; };
		8A0094EE2462AEC90041790C /* WDDCTests.swift in Sources */ = {isa = PBXBuildFile; fileRef = 8A0094ED2462AEC90041790C /* WDDCTests.swift */; };
		8A0094F92462AEC90041790C /* WDDCUITests.swift in Sources */ = {isa = PBXBuildFile; fileRef = 8A0094F82462AEC90041790C /* WDDCUITests.swift */; };
		8ACDC12A2467826D00E8AFBF /* ContentView.swift in Sources */ = {isa = PBXBuildFile; fileRef = 8A0094DA2462AEC50041790C /* ContentView.swift */; };
/* End PBXBuildFile section */

/* Begin PBXContainerItemProxy section */
		8A0094EA2462AEC90041790C /* PBXContainerItemProxy */ = {
			isa = PBXContainerItemProxy;
			containerPortal = 8A0094CB2462AEC50041790C /* Project object */;
			proxyType = 1;
			remoteGlobalIDString = 8A0094D22462AEC50041790C;
			remoteInfo = WDDC;
		};
		8A0094F52462AEC90041790C /* PBXContainerItemProxy */ = {
			isa = PBXContainerItemProxy;
			containerPortal = 8A0094CB2462AEC50041790C /* Project object */;
			proxyType = 1;
			remoteGlobalIDString = 8A0094D22462AEC50041790C;
			remoteInfo = WDDC;
		};
/* End PBXContainerItemProxy section */

/* Begin PBXFileReference section */
		8A0094D32462AEC50041790C /* WDDC.app */ = {isa = PBXFileReference; explicitFileType = wrapper.application; includeInIndex = 0; path = WDDC.app; sourceTree = BUILT_PRODUCTS_DIR; };
		8A0094D62462AEC50041790C /* AppDelegate.swift */ = {isa = PBXFileReference; lastKnownFileType = sourcecode.swift; path = AppDelegate.swift; sourceTree = "<group>"; };
		8A0094D82462AEC50041790C /* SceneDelegate.swift */ = {isa = PBXFileReference; lastKnownFileType = sourcecode.swift; path = SceneDelegate.swift; sourceTree = "<group>"; };
		8A0094DA2462AEC50041790C /* ContentView.swift */ = {isa = PBXFileReference; lastKnownFileType = sourcecode.swift; path = ContentView.swift; sourceTree = "<group>"; };
		8A0094DC2462AEC90041790C /* Assets.xcassets */ = {isa = PBXFileReference; lastKnownFileType = folder.assetcatalog; path = Assets.xcassets; sourceTree = "<group>"; };
		8A0094DF2462AEC90041790C /* Preview Assets.xcassets */ = {isa = PBXFileReference; lastKnownFileType = folder.assetcatalog; path = "Preview Assets.xcassets"; sourceTree = "<group>"; };
		8A0094E22462AEC90041790C /* Base */ = {isa = PBXFileReference; lastKnownFileType = file.storyboard; name = Base; path = Base.lproj/LaunchScreen.storyboard; sourceTree = "<group>"; };
		8A0094E42462AEC90041790C /* Info.plist */ = {isa = PBXFileReference; lastKnownFileType = text.plist.xml; path = Info.plist; sourceTree = "<group>"; };
		8A0094E92462AEC90041790C /* WDDCTests.xctest */ = {isa = PBXFileReference; explicitFileType = wrapper.cfbundle; includeInIndex = 0; path = WDDCTests.xctest; sourceTree = BUILT_PRODUCTS_DIR; };
		8A0094ED2462AEC90041790C /* WDDCTests.swift */ = {isa = PBXFileReference; lastKnownFileType = sourcecode.swift; path = WDDCTests.swift; sourceTree = "<group>"; };
		8A0094EF2462AEC90041790C /* Info.plist */ = {isa = PBXFileReference; lastKnownFileType = text.plist.xml; path = Info.plist; sourceTree = "<group>"; };
		8A0094F42462AEC90041790C /* WDDCUITests.xctest */ = {isa = PBXFileReference; explicitFileType = wrapper.cfbundle; includeInIndex = 0; path = WDDCUITests.xctest; sourceTree = BUILT_PRODUCTS_DIR; };
		8A0094F82462AEC90041790C /* WDDCUITests.swift */ = {isa = PBXFileReference; lastKnownFileType = sourcecode.swift; path = WDDCUITests.swift; sourceTree = "<group>"; };
		8A0094FA2462AEC90041790C /* Info.plist */ = {isa = PBXFileReference; lastKnownFileType = text.plist.xml; path = Info.plist; sourceTree = "<group>"; };
/* End PBXFileReference section */

/* Begin PBXFrameworksBuildPhase section */
		8A0094D02462AEC50041790C /* Frameworks */ = {
			isa = PBXFrameworksBuildPhase;
			buildActionMask = 2147483647;
			files = (
			);
			runOnlyForDeploymentPostprocessing = 0;
		};
		8A0094E62462AEC90041790C /* Frameworks */ = {
			isa = PBXFrameworksBuildPhase;
			buildActionMask = 2147483647;
			files = (
			);
			runOnlyForDeploymentPostprocessing = 0;
		};
		8A0094F12462AEC90041790C /* Frameworks */ = {
			isa = PBXFrameworksBuildPhase;
			buildActionMask = 2147483647;
			files = (
			);
			runOnlyForDeploymentPostprocessing = 0;
		};
/* End PBXFrameworksBuildPhase section */

/* Begin PBXGroup section */
		8A0094CA2462AEC50041790C = {
			isa = PBXGroup;
			children = (
				8A0094D52462AEC50041790C /* WDDC */,
				8A0094EC2462AEC90041790C /* WDDCTests */,
				8A0094F72462AEC90041790C /* WDDCUITests */,
				8A0094D42462AEC50041790C /* Products */,
			);
			sourceTree = "<group>";
		};
		8A0094D42462AEC50041790C /* Products */ = {
			isa = PBXGroup;
			children = (
				8A0094D32462AEC50041790C /* WDDC.app */,
				8A0094E92462AEC90041790C /* WDDCTests.xctest */,
				8A0094F42462AEC90041790C /* WDDCUITests.xctest */,
			);
			name = Products;
			sourceTree = "<group>";
		};
		8A0094D52462AEC50041790C /* WDDC */ = {
			isa = PBXGroup;
			children = (
				8A0094D62462AEC50041790C /* AppDelegate.swift */,
				8A0094D82462AEC50041790C /* SceneDelegate.swift */,
				8A0094DA2462AEC50041790C /* ContentView.swift */,
				8A0094DC2462AEC90041790C /* Assets.xcassets */,
				8A0094E12462AEC90041790C /* LaunchScreen.storyboard */,
				8A0094E42462AEC90041790C /* Info.plist */,
				8A0094DE2462AEC90041790C /* Preview Content */,
			);
			path = WDDC;
			sourceTree = "<group>";
		};
		8A0094DE2462AEC90041790C /* Preview Content */ = {
			isa = PBXGroup;
			children = (
				8A0094DF2462AEC90041790C /* Preview Assets.xcassets */,
			);
			path = "Preview Content";
			sourceTree = "<group>";
		};
		8A0094EC2462AEC90041790C /* WDDCTests */ = {
			isa = PBXGroup;
			children = (
				8A0094ED2462AEC90041790C /* WDDCTests.swift */,
				8A0094EF2462AEC90041790C /* Info.plist */,
			);
			path = WDDCTests;
			sourceTree = "<group>";
		};
		8A0094F72462AEC90041790C /* WDDCUITests */ = {
			isa = PBXGroup;
			children = (
				8A0094F82462AEC90041790C /* WDDCUITests.swift */,
				8A0094FA2462AEC90041790C /* Info.plist */,
			);
			path = WDDCUITests;
			sourceTree = "<group>";
		};
/* End PBXGroup section */

/* Begin PBXNativeTarget section */
		8A0094D22462AEC50041790C /* WDDC */ = {
			isa = PBXNativeTarget;
			buildConfigurationList = 8A0094FD2462AEC90041790C /* Build configuration list for PBXNativeTarget "WDDC" */;
			buildPhases = (
				8A0094CF2462AEC50041790C /* Sources */,
				8A0094D02462AEC50041790C /* Frameworks */,
				8A0094D12462AEC50041790C /* Resources */,
			);
			buildRules = (
			);
			dependencies = (
			);
			name = WDDC;
			productName = WDDC;
			productReference = 8A0094D32462AEC50041790C /* WDDC.app */;
			productType = "com.apple.product-type.application";
		};
		8A0094E82462AEC90041790C /* WDDCTests */ = {
			isa = PBXNativeTarget;
			buildConfigurationList = 8A0095002462AEC90041790C /* Build configuration list for PBXNativeTarget "WDDCTests" */;
			buildPhases = (
				8A0094E52462AEC90041790C /* Sources */,
				8A0094E62462AEC90041790C /* Frameworks */,
				8A0094E72462AEC90041790C /* Resources */,
			);
			buildRules = (
			);
			dependencies = (
				8A0094EB2462AEC90041790C /* PBXTargetDependency */,
			);
			name = WDDCTests;
			productName = WDDCTests;
			productReference = 8A0094E92462AEC90041790C /* WDDCTests.xctest */;
			productType = "com.apple.product-type.bundle.unit-test";
		};
		8A0094F32462AEC90041790C /* WDDCUITests */ = {
			isa = PBXNativeTarget;
			buildConfigurationList = 8A0095032462AEC90041790C /* Build configuration list for PBXNativeTarget "WDDCUITests" */;
			buildPhases = (
				8A0094F02462AEC90041790C /* Sources */,
				8A0094F12462AEC90041790C /* Frameworks */,
				8A0094F22462AEC90041790C /* Resources */,
			);
			buildRules = (
			);
			dependencies = (
				8A0094F62462AEC90041790C /* PBXTargetDependency */,
			);
			name = WDDCUITests;
			productName = WDDCUITests;
			productReference = 8A0094F42462AEC90041790C /* WDDCUITests.xctest */;
			productType = "com.apple.product-type.bundle.ui-testing";
		};
/* End PBXNativeTarget section */

/* Begin PBXProject section */
		8A0094CB2462AEC50041790C /* Project object */ = {
			isa = PBXProject;
			attributes = {
				LastSwiftUpdateCheck = 1140;
				LastUpgradeCheck = 1140;
				ORGANIZATIONNAME = "Natsuki Kataoka";
				TargetAttributes = {
					8A0094D22462AEC50041790C = {
						CreatedOnToolsVersion = 11.4.1;
					};
					8A0094E82462AEC90041790C = {
						CreatedOnToolsVersion = 11.4.1;
						TestTargetID = 8A0094D22462AEC50041790C;
					};
					8A0094F32462AEC90041790C = {
						CreatedOnToolsVersion = 11.4.1;
						TestTargetID = 8A0094D22462AEC50041790C;
					};
				};
			};
			buildConfigurationList = 8A0094CE2462AEC50041790C /* Build configuration list for PBXProject "WDDC" */;
			compatibilityVersion = "Xcode 9.3";
			developmentRegion = en;
			hasScannedForEncodings = 0;
			knownRegions = (
				en,
				Base,
			);
			mainGroup = 8A0094CA2462AEC50041790C;
			productRefGroup = 8A0094D42462AEC50041790C /* Products */;
			projectDirPath = "";
			projectRoot = "";
			targets = (
				8A0094D22462AEC50041790C /* WDDC */,
				8A0094E82462AEC90041790C /* WDDCTests */,
				8A0094F32462AEC90041790C /* WDDCUITests */,
			);
		};
/* End PBXProject section */

/* Begin PBXResourcesBuildPhase section */
		8A0094D12462AEC50041790C /* Resources */ = {
			isa = PBXResourcesBuildPhase;
			buildActionMask = 2147483647;
			files = (
				8A0094E32462AEC90041790C /* LaunchScreen.storyboard in Resources */,
				8A0094E02462AEC90041790C /* Preview Assets.xcassets in Resources */,
				8A0094DD2462AEC90041790C /* Assets.xcassets in Resources */,
			);
			runOnlyForDeploymentPostprocessing = 0;
		};
		8A0094E72462AEC90041790C /* Resources */ = {
			isa = PBXResourcesBuildPhase;
			buildActionMask = 2147483647;
			files = (
			);
			runOnlyForDeploymentPostprocessing = 0;
		};
		8A0094F22462AEC90041790C /* Resources */ = {
			isa = PBXResourcesBuildPhase;
			buildActionMask = 2147483647;
			files = (
			);
			runOnlyForDeploymentPostprocessing = 0;
		};
/* End PBXResourcesBuildPhase section */

/* Begin PBXSourcesBuildPhase section */
		8A0094CF2462AEC50041790C /* Sources */ = {
			isa = PBXSourcesBuildPhase;
			buildActionMask = 2147483647;
			files = (
				8A0094D72462AEC50041790C /* AppDelegate.swift in Sources */,
				8A0094D92462AEC50041790C /* SceneDelegate.swift in Sources */,
				8ACDC12A2467826D00E8AFBF /* ContentView.swift in Sources */,
			);
			runOnlyForDeploymentPostprocessing = 0;
		};
		8A0094E52462AEC90041790C /* Sources */ = {
			isa = PBXSourcesBuildPhase;
			buildActionMask = 2147483647;
			files = (
				8A0094EE2462AEC90041790C /* WDDCTests.swift in Sources */,
			);
			runOnlyForDeploymentPostprocessing = 0;
		};
		8A0094F02462AEC90041790C /* Sources */ = {
			isa = PBXSourcesBuildPhase;
			buildActionMask = 2147483647;
			files = (
				8A0094F92462AEC90041790C /* WDDCUITests.swift in Sources */,
			);
			runOnlyForDeploymentPostprocessing = 0;
		};
/* End PBXSourcesBuildPhase section */

/* Begin PBXTargetDependency section */
		8A0094EB2462AEC90041790C /* PBXTargetDependency */ = {
			isa = PBXTargetDependency;
			target = 8A0094D22462AEC50041790C /* WDDC */;
			targetProxy = 8A0094EA2462AEC90041790C /* PBXContainerItemProxy */;
		};
		8A0094F62462AEC90041790C /* PBXTargetDependency */ = {
			isa = PBXTargetDependency;
			target = 8A0094D22462AEC50041790C /* WDDC */;
			targetProxy = 8A0094F52462AEC90041790C /* PBXContainerItemProxy */;
		};
/* End PBXTargetDependency section */

/* Begin PBXVariantGroup section */
		8A0094E12462AEC90041790C /* LaunchScreen.storyboard */ = {
			isa = PBXVariantGroup;
			children = (
				8A0094E22462AEC90041790C /* Base */,
			);
			name = LaunchScreen.storyboard;
			sourceTree = "<group>";
		};
/* End PBXVariantGroup section */

/* Begin XCBuildConfiguration section */
		8A0094FB2462AEC90041790C /* Debug */ = {
			isa = XCBuildConfiguration;
			buildSettings = {
				ALWAYS_SEARCH_USER_PATHS = NO;
				CLANG_ANALYZER_NONNULL = YES;
				CLANG_ANALYZER_NUMBER_OBJECT_CONVERSION = YES_AGGRESSIVE;
				CLANG_CXX_LANGUAGE_STANDARD = "gnu++14";
				CLANG_CXX_LIBRARY = "libc++";
				CLANG_ENABLE_MODULES = YES;
				CLANG_ENABLE_OBJC_ARC = YES;
				CLANG_ENABLE_OBJC_WEAK = YES;
				CLANG_WARN_BLOCK_CAPTURE_AUTORELEASING = YES;
				CLANG_WARN_BOOL_CONVERSION = YES;
				CLANG_WARN_COMMA = YES;
				CLANG_WARN_CONSTANT_CONVERSION = YES;
				CLANG_WARN_DEPRECATED_OBJC_IMPLEMENTATIONS = YES;
				CLANG_WARN_DIRECT_OBJC_ISA_USAGE = YES_ERROR;
				CLANG_WARN_DOCUMENTATION_COMMENTS = YES;
				CLANG_WARN_EMPTY_BODY = YES;
				CLANG_WARN_ENUM_CONVERSION = YES;
				CLANG_WARN_INFINITE_RECURSION = YES;
				CLANG_WARN_INT_CONVERSION = YES;
				CLANG_WARN_NON_LITERAL_NULL_CONVERSION = YES;
				CLANG_WARN_OBJC_IMPLICIT_RETAIN_SELF = YES;
				CLANG_WARN_OBJC_LITERAL_CONVERSION = YES;
				CLANG_WARN_OBJC_ROOT_CLASS = YES_ERROR;
				CLANG_WARN_RANGE_LOOP_ANALYSIS = YES;
				CLANG_WARN_STRICT_PROTOTYPES = YES;
				CLANG_WARN_SUSPICIOUS_MOVE = YES;
				CLANG_WARN_UNGUARDED_AVAILABILITY = YES_AGGRESSIVE;
				CLANG_WARN_UNREACHABLE_CODE = YES;
				CLANG_WARN__DUPLICATE_METHOD_MATCH = YES;
				COPY_PHASE_STRIP = NO;
				DEBUG_INFORMATION_FORMAT = dwarf;
				ENABLE_STRICT_OBJC_MSGSEND = YES;
				ENABLE_TESTABILITY = YES;
				GCC_C_LANGUAGE_STANDARD = gnu11;
				GCC_DYNAMIC_NO_PIC = NO;
				GCC_NO_COMMON_BLOCKS = YES;
				GCC_OPTIMIZATION_LEVEL = 0;
				GCC_PREPROCESSOR_DEFINITIONS = (
					"DEBUG=1",
					"$(inherited)",
				);
				GCC_WARN_64_TO_32_BIT_CONVERSION = YES;
				GCC_WARN_ABOUT_RETURN_TYPE = YES_ERROR;
				GCC_WARN_UNDECLARED_SELECTOR = YES;
				GCC_WARN_UNINITIALIZED_AUTOS = YES_AGGRESSIVE;
				GCC_WARN_UNUSED_FUNCTION = YES;
				GCC_WARN_UNUSED_VARIABLE = YES;
				IPHONEOS_DEPLOYMENT_TARGET = 13.4;
				MTL_ENABLE_DEBUG_INFO = INCLUDE_SOURCE;
				MTL_FAST_MATH = YES;
				ONLY_ACTIVE_ARCH = YES;
				SDKROOT = iphoneos;
				SWIFT_ACTIVE_COMPILATION_CONDITIONS = DEBUG;
				SWIFT_OPTIMIZATION_LEVEL = "-Onone";
			};
			name = Debug;
		};
		8A0094FC2462AEC90041790C /* Release */ = {
			isa = XCBuildConfiguration;
			buildSettings = {
				ALWAYS_SEARCH_USER_PATHS = NO;
				CLANG_ANALYZER_NONNULL = YES;
				CLANG_ANALYZER_NUMBER_OBJECT_CONVERSION = YES_AGGRESSIVE;
				CLANG_CXX_LANGUAGE_STANDARD = "gnu++14";
				CLANG_CXX_LIBRARY = "libc++";
				CLANG_ENABLE_MODULES = YES;
				CLANG_ENABLE_OBJC_ARC = YES;
				CLANG_ENABLE_OBJC_WEAK = YES;
				CLANG_WARN_BLOCK_CAPTURE_AUTORELEASING = YES;
				CLANG_WARN_BOOL_CONVERSION = YES;
				CLANG_WARN_COMMA = YES;
				CLANG_WARN_CONSTANT_CONVERSION = YES;
				CLANG_WARN_DEPRECATED_OBJC_IMPLEMENTATIONS = YES;
				CLANG_WARN_DIRECT_OBJC_ISA_USAGE = YES_ERROR;
				CLANG_WARN_DOCUMENTATION_COMMENTS = YES;
				CLANG_WARN_EMPTY_BODY = YES;
				CLANG_WARN_ENUM_CONVERSION = YES;
				CLANG_WARN_INFINITE_RECURSION = YES;
				CLANG_WARN_INT_CONVERSION = YES;
				CLANG_WARN_NON_LITERAL_NULL_CONVERSION = YES;
				CLANG_WARN_OBJC_IMPLICIT_RETAIN_SELF = YES;
				CLANG_WARN_OBJC_LITERAL_CONVERSION = YES;
				CLANG_WARN_OBJC_ROOT_CLASS = YES_ERROR;
				CLANG_WARN_RANGE_LOOP_ANALYSIS = YES;
				CLANG_WARN_STRICT_PROTOTYPES = YES;
				CLANG_WARN_SUSPICIOUS_MOVE = YES;
				CLANG_WARN_UNGUARDED_AVAILABILITY = YES_AGGRESSIVE;
				CLANG_WARN_UNREACHABLE_CODE = YES;
				CLANG_WARN__DUPLICATE_METHOD_MATCH = YES;
				COPY_PHASE_STRIP = NO;
				DEBUG_INFORMATION_FORMAT = "dwarf-with-dsym";
				ENABLE_NS_ASSERTIONS = NO;
				ENABLE_STRICT_OBJC_MSGSEND = YES;
				GCC_C_LANGUAGE_STANDARD = gnu11;
				GCC_NO_COMMON_BLOCKS = YES;
				GCC_WARN_64_TO_32_BIT_CONVERSION = YES;
				GCC_WARN_ABOUT_RETURN_TYPE = YES_ERROR;
				GCC_WARN_UNDECLARED_SELECTOR = YES;
				GCC_WARN_UNINITIALIZED_AUTOS = YES_AGGRESSIVE;
				GCC_WARN_UNUSED_FUNCTION = YES;
				GCC_WARN_UNUSED_VARIABLE = YES;
				IPHONEOS_DEPLOYMENT_TARGET = 13.4;
				MTL_ENABLE_DEBUG_INFO = NO;
				MTL_FAST_MATH = YES;
				SDKROOT = iphoneos;
				SWIFT_COMPILATION_MODE = wholemodule;
				SWIFT_OPTIMIZATION_LEVEL = "-O";
				VALIDATE_PRODUCT = YES;
			};
			name = Release;
		};
		8A0094FE2462AEC90041790C /* Debug */ = {
			isa = XCBuildConfiguration;
			buildSettings = {
				ASSETCATALOG_COMPILER_APPICON_NAME = AppIcon;
				CODE_SIGN_STYLE = Automatic;
				DEVELOPMENT_ASSET_PATHS = "\"WDDC/Preview Content\"";
				DEVELOPMENT_TEAM = 99ZZXVS4KH;
				ENABLE_PREVIEWS = YES;
				INFOPLIST_FILE = WDDC/Info.plist;
				LD_RUNPATH_SEARCH_PATHS = (
					"$(inherited)",
					"@executable_path/Frameworks",
				);
				PRODUCT_BUNDLE_IDENTIFIER = NatsukiKataoka.WDDC;
				PRODUCT_NAME = "$(TARGET_NAME)";
				SWIFT_VERSION = 5.0;
				TARGETED_DEVICE_FAMILY = "1,2";
			};
			name = Debug;
		};
		8A0094FF2462AEC90041790C /* Release */ = {
			isa = XCBuildConfiguration;
			buildSettings = {
				ASSETCATALOG_COMPILER_APPICON_NAME = AppIcon;
				CODE_SIGN_STYLE = Automatic;
				DEVELOPMENT_ASSET_PATHS = "\"WDDC/Preview Content\"";
				DEVELOPMENT_TEAM = 99ZZXVS4KH;
				ENABLE_PREVIEWS = YES;
				INFOPLIST_FILE = WDDC/Info.plist;
				LD_RUNPATH_SEARCH_PATHS = (
					"$(inherited)",
					"@executable_path/Frameworks",
				);
				PRODUCT_BUNDLE_IDENTIFIER = NatsukiKataoka.WDDC;
				PRODUCT_NAME = "$(TARGET_NAME)";
				SWIFT_VERSION = 5.0;
				TARGETED_DEVICE_FAMILY = "1,2";
			};
			name = Release;
		};
		8A0095012462AEC90041790C /* Debug */ = {
			isa = XCBuildConfiguration;
			buildSettings = {
				ALWAYS_EMBED_SWIFT_STANDARD_LIBRARIES = YES;
				BUNDLE_LOADER = "$(TEST_HOST)";
				CODE_SIGN_STYLE = Automatic;
				DEVELOPMENT_TEAM = 99ZZXVS4KH;
				INFOPLIST_FILE = WDDCTests/Info.plist;
				IPHONEOS_DEPLOYMENT_TARGET = 13.4;
				LD_RUNPATH_SEARCH_PATHS = (
					"$(inherited)",
					"@executable_path/Frameworks",
					"@loader_path/Frameworks",
				);
				PRODUCT_BUNDLE_IDENTIFIER = NatsukiKataoka.WDDCTests;
				PRODUCT_NAME = "$(TARGET_NAME)";
				SWIFT_VERSION = 5.0;
				TARGETED_DEVICE_FAMILY = "1,2";
				TEST_HOST = "$(BUILT_PRODUCTS_DIR)/WDDC.app/WDDC";
			};
			name = Debug;
		};
		8A0095022462AEC90041790C /* Release */ = {
			isa = XCBuildConfiguration;
			buildSettings = {
				ALWAYS_EMBED_SWIFT_STANDARD_LIBRARIES = YES;
				BUNDLE_LOADER = "$(TEST_HOST)";
				CODE_SIGN_STYLE = Automatic;
				DEVELOPMENT_TEAM = 99ZZXVS4KH;
				INFOPLIST_FILE = WDDCTests/Info.plist;
				IPHONEOS_DEPLOYMENT_TARGET = 13.4;
				LD_RUNPATH_SEARCH_PATHS = (
					"$(inherited)",
					"@executable_path/Frameworks",
					"@loader_path/Frameworks",
				);
				PRODUCT_BUNDLE_IDENTIFIER = NatsukiKataoka.WDDCTests;
				PRODUCT_NAME = "$(TARGET_NAME)";
				SWIFT_VERSION = 5.0;
				TARGETED_DEVICE_FAMILY = "1,2";
				TEST_HOST = "$(BUILT_PRODUCTS_DIR)/WDDC.app/WDDC";
			};
			name = Release;
		};
		8A0095042462AEC90041790C /* Debug */ = {
			isa = XCBuildConfiguration;
			buildSettings = {
				ALWAYS_EMBED_SWIFT_STANDARD_LIBRARIES = YES;
				CODE_SIGN_STYLE = Automatic;
				DEVELOPMENT_TEAM = 99ZZXVS4KH;
				INFOPLIST_FILE = WDDCUITests/Info.plist;
				LD_RUNPATH_SEARCH_PATHS = (
					"$(inherited)",
					"@executable_path/Frameworks",
					"@loader_path/Frameworks",
				);
				PRODUCT_BUNDLE_IDENTIFIER = NatsukiKataoka.WDDCUITests;
				PRODUCT_NAME = "$(TARGET_NAME)";
				SWIFT_VERSION = 5.0;
				TARGETED_DEVICE_FAMILY = "1,2";
				TEST_TARGET_NAME = WDDC;
			};
			name = Debug;
		};
		8A0095052462AEC90041790C /* Release */ = {
			isa = XCBuildConfiguration;
			buildSettings = {
				ALWAYS_EMBED_SWIFT_STANDARD_LIBRARIES = YES;
				CODE_SIGN_STYLE = Automatic;
				DEVELOPMENT_TEAM = 99ZZXVS4KH;
				INFOPLIST_FILE = WDDCUITests/Info.plist;
				LD_RUNPATH_SEARCH_PATHS = (
					"$(inherited)",
					"@executable_path/Frameworks",
					"@loader_path/Frameworks",
				);
				PRODUCT_BUNDLE_IDENTIFIER = NatsukiKataoka.WDDCUITests;
				PRODUCT_NAME = "$(TARGET_NAME)";
				SWIFT_VERSION = 5.0;
				TARGETED_DEVICE_FAMILY = "1,2";
				TEST_TARGET_NAME = WDDC;
			};
			name = Release;
		};
/* End XCBuildConfiguration section */

/* Begin XCConfigurationList section */
		8A0094CE2462AEC50041790C /* Build configuration list for PBXProject "WDDC" */ = {
			isa = XCConfigurationList;
			buildConfigurations = (
				8A0094FB2462AEC90041790C /* Debug */,
				8A0094FC2462AEC90041790C /* Release */,
			);
			defaultConfigurationIsVisible = 0;
			defaultConfigurationName = Release;
		};
		8A0094FD2462AEC90041790C /* Build configuration list for PBXNativeTarget "WDDC" */ = {
			isa = XCConfigurationList;
			buildConfigurations = (
				8A0094FE2462AEC90041790C /* Debug */,
				8A0094FF2462AEC90041790C /* Release */,
			);
			defaultConfigurationIsVisible = 0;
			defaultConfigurationName = Release;
		};
		8A0095002462AEC90041790C /* Build configuration list for PBXNativeTarget "WDDCTests" */ = {
			isa = XCConfigurationList;
			buildConfigurations = (
				8A0095012462AEC90041790C /* Debug */,
				8A0095022462AEC90041790C /* Release */,
			);
			defaultConfigurationIsVisible = 0;
			defaultConfigurationName = Release;
		};
		8A0095032462AEC90041790C /* Build configuration list for PBXNativeTarget "WDDCUITests" */ = {
			isa = XCConfigurationList;
			buildConfigurations = (
				8A0095042462AEC90041790C /* Debug */,
				8A0095052462AEC90041790C /* Release */,
			);
			defaultConfigurationIsVisible = 0;
			defaultConfigurationName = Release;
		};
/* End XCConfigurationList section */
	};
	rootObject = 8A0094CB2462AEC50041790C /* Project object */;
}
